
Microsoft Visual Studio Solution File, Format Version 12.00
# Visual Studio Version 16
VisualStudioVersion = 16.0.31229.75
MinimumVisualStudioVersion = 10.0.40219.1
Project("{9A19103F-16F7-4668-BE54-9A1E7A4F7556}") = "TekrarProje.DataAccess", "TekrarProje.DataAccess\TekrarProje.DataAccess.csproj", "{0DDDC952-B3E5-4D4A-85EF-56AC4AACAE4C}"
EndProject
Project("{9A19103F-16F7-4668-BE54-9A1E7A4F7556}") = "TekrarProjesi.Business", "TekrarProjesi.Business\TekrarProjesi.Business.csproj", "{345A5D4A-FAA4-4320-9F04-E27A5A7159AD}"
EndProject
Project("{9A19103F-16F7-4668-BE54-9A1E7A4F7556}") = "TekrarProjesi.Entities", "TekrarProjesi.Entities\TekrarProjesi.Entities.csproj", "{580BF695-5157-46F8-BBA0-888DEDDE4070}"
EndProject
Project("{9A19103F-16F7-4668-BE54-9A1E7A4F7556}") = "TekrarProjesi.Dtos", "TekrarProjesi.Dtos\TekrarProjesi.Dtos.csproj", "{87E5C3FA-ED47-433B-B3E7-6EEA52F06BC9}"
EndProject
Project("{9A19103F-16F7-4668-BE54-9A1E7A4F7556}") = "TekrarProjesi.WebUI", "TekrarProjesi.WebUI\TekrarProjesi.WebUI.csproj", "{417CB799-FE66-4401-B5DE-923013D7C88F}"
EndProject
Project("{9A19103F-16F7-4668-BE54-9A1E7A4F7556}") = "TekrarProje.Common", "TekrarProje.Common\TekrarProje.Common.csproj", "{D4BE7B9C-3B75-472C-A614-037561C610BF}"
EndProject
Global
	GlobalSection(SolutionConfigurationPlatforms) = preSolution
		Debug|Any CPU = Debug|Any CPU
		Release|Any CPU = Release|Any CPU
	EndGlobalSection
	GlobalSection(ProjectConfigurationPlatforms) = postSolution
		{0DDDC952-B3E5-4D4A-85EF-56AC4AACAE4C}.Debug|Any CPU.ActiveCfg = Debug|Any CPU
		{0DDDC952-B3E5-4D4A-85EF-56AC4AACAE4C}.Debug|Any CPU.Build.0 = Debug|Any CPU
		{0DDDC952-B3E5-4D4A-85EF-56AC4AACAE4C}.Release|Any CPU.ActiveCfg = Release|Any CPU
		{0DDDC952-B3E5-4D4A-85EF-56AC4AACAE4C}.Release|Any CPU.Build.0 = Release|Any CPU
		{345A5D4A-FAA4-4320-9F04-E27A5A7159AD}.Debug|Any CPU.ActiveCfg = Debug|Any CPU
		{345A5D4A-FAA4-4320-9F04-E27A5A7159AD}.Debug|Any CPU.Build.0 = Debug|Any CPU
		{345A5D4A-FAA4-4320-9F04-E27A5A7159AD}.Release|Any CPU.ActiveCfg = Release|Any CPU
		{345A5D4A-FAA4-4320-9F04-E27A5A7159AD}.Release|Any CPU.Build.0 = Release|Any CPU
		{580BF695-5157-46F8-BBA0-888DEDDE4070}.Debug|Any CPU.ActiveCfg = Debug|Any CPU
		{580BF695-5157-46F8-BBA0-888DEDDE4070}.Debug|Any CPU.Build.0 = Debug|Any CPU
		{580BF695-5157-46F8-BBA0-888DEDDE4070}.Release|Any CPU.ActiveCfg = Release|Any CPU
		{580BF695-5157-46F8-BBA0-888DEDDE4070}.Release|Any CPU.Build.0 = Release|Any CPU
		{87E5C3FA-ED47-433B-B3E7-6EEA52F06BC9}.Debug|Any CPU.ActiveCfg = Debug|Any CPU
		{87E5C3FA-ED47-433B-B3E7-6EEA52F06BC9}.Debug|Any CPU.Build.0 = Debug|Any CPU
		{87E5C3FA-ED47-433B-B3E7-6EEA52F06BC9}.Release|Any CPU.ActiveCfg = Release|Any CPU
		{87E5C3FA-ED47-433B-B3E7-6EEA52F06BC9}.Release|Any CPU.Build.0 = Release|Any CPU
		{417CB799-FE66-4401-B5DE-923013D7C88F}.Debug|Any CPU.ActiveCfg = Debug|Any CPU
		{417CB799-FE66-4401-B5DE-923013D7C88F}.Debug|Any CPU.Build.0 = Debug|Any CPU
		{417CB799-FE66-4401-B5DE-923013D7C88F}.Release|Any CPU.ActiveCfg = Release|Any CPU
		{417CB799-FE66-4401-B5DE-923013D7C88F}.Release|Any CPU.Build.0 = Release|Any CPU
		{D4BE7B9C-3B75-472C-A614-037561C610BF}.Debug|Any CPU.ActiveCfg = Debug|Any CPU
		{D4BE7B9C-3B75-472C-A614-037561C610BF}.Debug|Any CPU.Build.0 = Debug|Any CPU
		{D4BE7B9C-3B75-472C-A614-037561C610BF}.Release|Any CPU.ActiveCfg = Release|Any CPU
		{D4BE7B9C-3B75-472C-A614-037561C610BF}.Release|Any CPU.Build.0 = Release|Any CPU
	EndGlobalSection
	GlobalSection(SolutionProperties) = preSolution
		HideSolutionNode = FALSE
	EndGlobalSection
	GlobalSection(ExtensibilityGlobals) = postSolution
		SolutionGuid = {CFA617CB-3252-4BE8-BC49-E8C8E6170C94}
	EndGlobalSection
EndGlobal
